
Microsoft Visual Studio Solution File, Format Version 12.00
Project("{FAE04EC0-301F-11D3-BF4B-00C04F79EFBC}") = "IssueTracker", "IssueTracker\IssueTracker.csproj", "{F10DF61A-7525-4EA4-A6B5-99F57EE91D90}"
EndProject
Global
	GlobalSection(SolutionConfigurationPlatforms) = preSolution
		Debug|Any CPU = Debug|Any CPU
		Release|Any CPU = Release|Any CPU
	EndGlobalSection
	GlobalSection(ProjectConfigurationPlatforms) = postSolution
		{F10DF61A-7525-4EA4-A6B5-99F57EE91D90}.Debug|Any CPU.ActiveCfg = Debug|Any CPU
		{F10DF61A-7525-4EA4-A6B5-99F57EE91D90}.Debug|Any CPU.Build.0 = Debug|Any CPU
		{F10DF61A-7525-4EA4-A6B5-99F57EE91D90}.Release|Any CPU.ActiveCfg = Release|Any CPU
		{F10DF61A-7525-4EA4-A6B5-99F57EE91D90}.Release|Any CPU.Build.0 = Release|Any CPU
	EndGlobalSection
EndGlobal
